Microsoft Visual Studio Solution File, Format Version 12.00
# Visual Studio Version 17
VisualStudioVersion = 17.5.2.0
MinimumVisualStudioVersion = 10.0.40219.1
Project("{FAE04EC0-301F-11D3-BF4B-00C04F79EFBC}") = "lista2_exe1_nome", "lista2_exe1_nome.csproj", "{2C1C2902-418A-F7A6-1EC4-BEE1E2EE11ED}"
EndProject
Global
	GlobalSection(SolutionConfigurationPlatforms) = preSolution
		Debug|Any CPU = Debug|Any CPU
		Release|Any CPU = Release|Any CPU
	EndGlobalSection
	GlobalSection(ProjectConfigurationPlatforms) = postSolution
		{2C1C2902-418A-F7A6-1EC4-BEE1E2EE11ED}.Debug|Any CPU.ActiveCfg = Debug|Any CPU
		{2C1C2902-418A-F7A6-1EC4-BEE1E2EE11ED}.Debug|Any CPU.Build.0 = Debug|Any CPU
		{2C1C2902-418A-F7A6-1EC4-BEE1E2EE11ED}.Release|Any CPU.ActiveCfg = Release|Any CPU
		{2C1C2902-418A-F7A6-1EC4-BEE1E2EE11ED}.Release|Any CPU.Build.0 = Release|Any CPU
	EndGlobalSection
	GlobalSection(SolutionProperties) = preSolution
		HideSolutionNode = FALSE
	EndGlobalSection
	GlobalSection(ExtensibilityGlobals) = postSolution
		SolutionGuid = {6A48363A-8035-40C7-80A9-B55DEB4FB917}
	EndGlobalSection
EndGlobal
